{
  "version": 4,
  "terraform_version": "0.12.26",
  "serial": 28,
  "lineage": "example",
  "outputs": {
    "example1": {
      "value": "example1",
      "type": "string"
    },
    "example2": {
      "value": "example2",
      "type": "string"
    }
  },
  "resources": [
    {
      "module": "module.ad_manager",
      "mode": "data",
      "type": "aws_iam_policy_document",
      "name": "empty",
      "provider": "provider[\"registry.terraform.io/hashicorp/aws\"]",
      "instances": [
        {
          "index_key": 0,
          "schema_version": 0,
          "attributes": {
            "id": "561002259",
            "json": "{\n  \"Version\": \"2012-10-17\",\n  \"Statement\": null\n}",
            "override_json": null,
            "policy_id": null,
            "source_json": null,
            "statement": null,
            "version": "2012-10-17"
          }
        }
      ]
    },
    {
      "module": "module.vpc",
      "mode": "managed",
      "type": "aws_subnet",
      "name": "public_subnets",
      "each": "list",
      "provider": "provider.aws",
      "instances": [
        {
          "index_key": 0,
          "schema_version": 1,
          "attributes": {
            "arn": "arn:aws:ec2:us-example-example:id:subnet/subnet-example-1",
            "assign_ipv6_address_on_creation": false,
            "availability_zone": "us-example-example",
            "availability_zone_id": "use1-example",
            "cidr_block": "10.0.0.0/18",
            "id": "subnet-example-1",
            "ipv6_cidr_block": "",
            "ipv6_cidr_block_association_id": "",
            "map_public_ip_on_launch": false,
            "outpost_arn": "",
            "owner_id": "id",
            "tags": {
              "Name": "deleteme-example-1"
            },
            "timeouts": null,
            "vpc_id": "vpc-example"
          },
          "private": "private",
          "dependencies": [
            "module.vpc.aws_vpc.vpc"
          ]
        },
        {
          "index_key": 1,
          "schema_version": 1,
          "attributes": {
            "arn": "arn:aws:ec2:us-example-example:id:subnet/subnet-example-2",
            "assign_ipv6_address_on_creation": false,
            "availability_zone": "us-example-example",
            "availability_zone_id": "use1-example",
            "cidr_block": "10.0.128.0/18",
            "id": "subnet-example-2",
            "ipv6_cidr_block": "",
            "ipv6_cidr_block_association_id": "",
            "map_public_ip_on_launch": false,
            "outpost_arn": "",
            "owner_id": "id",
            "tags": {
              "Name": "deleteme-example-2"
            },
            "timeouts": null,
            "vpc_id": "vpc-example"
          },
          "private": "private",
          "dependencies": [
            "module.vpc.aws_vpc.vpc"
          ]
        }
      ]
    },
    {
      "module": "module.vpc",
      "mode": "managed",
      "type": "aws_vpc",
      "name": "vpc",
      "provider": "provider.aws",
      "instances": [
        {
          "schema_version": 1,
          "attributes": {
            "arn": "arn:aws:ec2:us-example-example:id:vpc/vpc-example",
            "assign_generated_ipv6_cidr_block": false,
            "cidr_block": "10.0.0.0/16",
            "default_network_acl_id": "acl-example",
            "default_route_table_id": "rtb-example",
            "default_security_group_id": "sg-example",
            "dhcp_options_id": "dopt-example",
            "enable_classiclink": false,
            "enable_classiclink_dns_support": false,
            "enable_dns_hostnames": false,
            "enable_dns_support": true,
            "id": "vpc-example",
            "instance_tenancy": "default",
            "ipv6_association_id": "",
            "ipv6_cidr_block": "",
            "main_route_table_id": "rtb-example",
            "owner_id": "id",
            "tags": {
              "Name": "deleteme-example"
            }
          },
          "private": "private"
        }
      ]
    }
  ]
}