{
  "version": 4,
  "terraform_version": "0.12.26",
  "serial": 28,
  "lineage": "example",
  "outputs": { },
  "resources": [
    {
      "mode": "managed",
      "type": "aws_s3_bucket",
      "name": "s3_bucket",
      "provider": "provider.aws",
      "instances": [
        {
          "schema_version": 0,
          "attributes": {
            "acceleration_status": "",
            "acl": "private",
            "arn": "arn:aws:s3:::deleteme-example",
            "bucket": "deleteme-example",
            "bucket_domain_name": "deleteme-example.s3.amazonaws.com",
            "bucket_prefix": null,
            "bucket_regional_domain_name": "deleteme-example.s3.amazonaws.com",
            "cors_rule": [ ],
            "force_destroy": false,
            "grant": [ ],
            "hosted_zone_id": "id",
            "id": "deleteme-example",
            "lifecycle_rule": [ ],
            "logging": [ ],
            "object_lock_configuration": [ ],
            "policy": null,
            "region": "region",
            "replication_configuration": [ ],
            "request_payer": "BucketOwner",
            "server_side_encryption_configuration": [ ],
            "tags": { },
            "versioning": [
              {
                "enabled": false,
                "mfa_delete": false
              }
            ],
            "website": [ ],
            "website_domain": null,
            "website_endpoint": null
          },
          "private": "private"
        }
      ]
    }
  ]
}